// !$*UTF8*$!
{
	archiveVersion = 1;
	classes = {
	};
	objectVersion = 46;
	objects = {

/* Begin PBXBuildFile section */
		264DA2471B6DD37D009E839D /* NaviHidenViewController.m in Sources */ = {isa = PBXBuildFile; fileRef = 264DA2461B6DD37D009E839D /* NaviHidenViewController.m */; };
		26BD1C561B6CDB7F00D9FEC0 /* main.m in Sources */ = {isa = PBXBuildFile; fileRef = 26BD1C551B6CDB7F00D9FEC0 /* main.m */; };
		26BD1C591B6CDB7F00D9FEC0 /* AppDelegate.m in Sources */ = {isa = PBXBuildFile; fileRef = 26BD1C581B6CDB7F00D9FEC0 /* AppDelegate.m */; };
		26BD1C5C1B6CDB7F00D9FEC0 /* ViewController.m in Sources */ = {isa = PBXBuildFile; fileRef = 26BD1C5B1B6CDB7F00D9FEC0 /* ViewController.m */; };
		26BD1C5F1B6CDB7F00D9FEC0 /* Main.storyboard in Resources */ = {isa = PBXBuildFile; fileRef = 26BD1C5D1B6CDB7F00D9FEC0 /* Main.storyboard */; };
		26BD1C611B6CDB7F00D9FEC0 /* Images.xcassets in Resources */ = {isa = PBXBuildFile; fileRef = 26BD1C601B6CDB7F00D9FEC0 /* Images.xcassets */; };
		26BD1C641B6CDB7F00D9FEC0 /* LaunchScreen.xib in Resources */ = {isa = PBXBuildFile; fileRef = 26BD1C621B6CDB7F00D9FEC0 /* LaunchScreen.xib */; };
		26BD1C701B6CDB7F00D9FEC0 /* test2Tests.m in Sources */ = {isa = PBXBuildFile; fileRef = 26BD1C6F1B6CDB7F00D9FEC0 /* test2Tests.m */; };
/* End PBXBuildFile section */

/* Begin PBXContainerItemProxy section */
		26BD1C6A1B6CDB7F00D9FEC0 /* PBXContainerItemProxy */ = {
			isa = PBXContainerItemProxy;
			containerPortal = 26BD1C481B6CDB7E00D9FEC0 /* Project object */;
			proxyType = 1;
			remoteGlobalIDString = 26BD1C4F1B6CDB7F00D9FEC0;
			remoteInfo = test2;
		};
/* End PBXContainerItemProxy section */

/* Begin PBXFileReference section */
		264DA2451B6DD37D009E839D /* NaviHidenViewController.h */ = {isa = PBXFileReference; fileEncoding = 4; lastKnownFileType = sourcecode.c.h; path = NaviHidenViewController.h; sourceTree = "<group>"; };
		264DA2461B6DD37D009E839D /* NaviHidenViewController.m */ = {isa = PBXFileReference; fileEncoding = 4; lastKnownFileType = sourcecode.c.objc; path = NaviHidenViewController.m; sourceTree = "<group>"; };
		26BD1C501B6CDB7F00D9FEC0 /* test2.app */ = {isa = PBXFileReference; explicitFileType = wrapper.application; includeInIndex = 0; path = test2.app; sourceTree = BUILT_PRODUCTS_DIR; };
		26BD1C541B6CDB7F00D9FEC0 /* Info.plist */ = {isa = PBXFileReference; lastKnownFileType = text.plist.xml; path = Info.plist; sourceTree = "<group>"; };
		26BD1C551B6CDB7F00D9FEC0 /* main.m */ = {isa = PBXFileReference; lastKnownFileType = sourcecode.c.objc; path = main.m; sourceTree = "<group>"; };
		26BD1C571B6CDB7F00D9FEC0 /* AppDelegate.h */ = {isa = PBXFileReference; lastKnownFileType = sourcecode.c.h; path = AppDelegate.h; sourceTree = "<group>"; };
		26BD1C581B6CDB7F00D9FEC0 /* AppDelegate.m */ = {isa = PBXFileReference; lastKnownFileType = sourcecode.c.objc; path = AppDelegate.m; sourceTree = "<group>"; };
		26BD1C5A1B6CDB7F00D9FEC0 /* ViewController.h */ = {isa = PBXFileReference; lastKnownFileType = sourcecode.c.h; path = ViewController.h; sourceTree = "<group>"; };
		26BD1C5B1B6CDB7F00D9FEC0 /* ViewController.m */ = {isa = PBXFileReference; lastKnownFileType = sourcecode.c.objc; path = ViewController.m; sourceTree = "<group>"; };
		26BD1C5E1B6CDB7F00D9FEC0 /* Base */ = {isa = PBXFileReference; lastKnownFileType = file.storyboard; name = Base; path = Base.lproj/Main.storyboard; sourceTree = "<group>"; };
		26BD1C601B6CDB7F00D9FEC0 /* Images.xcassets */ = {isa = PBXFileReference; lastKnownFileType = folder.assetcatalog; path = Images.xcassets; sourceTree = "<group>"; };
		26BD1C631B6CDB7F00D9FEC0 /* Base */ = {isa = PBXFileReference; lastKnownFileType = file.xib; name = Base; path = Base.lproj/LaunchScreen.xib; sourceTree = "<group>"; };
		26BD1C691B6CDB7F00D9FEC0 /* test2Tests.xctest */ = {isa = PBXFileReference; explicitFileType = wrapper.cfbundle; includeInIndex = 0; path = test2Tests.xctest; sourceTree = BUILT_PRODUCTS_DIR; };
		26BD1C6E1B6CDB7F00D9FEC0 /* Info.plist */ = {isa = PBXFileReference; lastKnownFileType = text.plist.xml; path = Info.plist; sourceTree = "<group>"; };
		26BD1C6F1B6CDB7F00D9FEC0 /* test2Tests.m */ = {isa = PBXFileReference; lastKnownFileType = sourcecode.c.objc; path = test2Tests.m; sourceTree = "<group>"; };
/* End PBXFileReference section */

/* Begin PBXFrameworksBuildPhase section */
		26BD1C4D1B6CDB7F00D9FEC0 /* Frameworks */ = {
			isa = PBXFrameworksBuildPhase;
			buildActionMask = 2147483647;
			files = (
			);
			runOnlyForDeploymentPostprocessing = 0;
		};
		26BD1C661B6CDB7F00D9FEC0 /* Frameworks */ = {
			isa = PBXFrameworksBuildPhase;
			buildActionMask = 2147483647;
			files = (
			);
			runOnlyForDeploymentPostprocessing = 0;
		};
/* End PBXFrameworksBuildPhase section */

/* Begin PBXGroup section */
		26BD1C471B6CDB7E00D9FEC0 = {
			isa = PBXGroup;
			children = (
				26BD1C521B6CDB7F00D9FEC0 /* test2 */,
				26BD1C6C1B6CDB7F00D9FEC0 /* test2Tests */,
				26BD1C511B6CDB7F00D9FEC0 /* Products */,
			);
			sourceTree = "<group>";
		};
		26BD1C511B6CDB7F00D9FEC0 /* Products */ = {
			isa = PBXGroup;
			children = (
				26BD1C501B6CDB7F00D9FEC0 /* test2.app */,
				26BD1C691B6CDB7F00D9FEC0 /* test2Tests.xctest */,
			);
			name = Products;
			sourceTree = "<group>";
		};
		26BD1C521B6CDB7F00D9FEC0 /* test2 */ = {
			isa = PBXGroup;
			children = (
				26BD1C571B6CDB7F00D9FEC0 /* AppDelegate.h */,
				26BD1C581B6CDB7F00D9FEC0 /* AppDelegate.m */,
				26BD1C5A1B6CDB7F00D9FEC0 /* ViewController.h */,
				26BD1C5B1B6CDB7F00D9FEC0 /* ViewController.m */,
				26BD1C5D1B6CDB7F00D9FEC0 /* Main.storyboard */,
				264DA2451B6DD37D009E839D /* NaviHidenViewController.h */,
				264DA2461B6DD37D009E839D /* NaviHidenViewController.m */,
				26BD1C601B6CDB7F00D9FEC0 /* Images.xcassets */,
				26BD1C621B6CDB7F00D9FEC0 /* LaunchScreen.xib */,
				26BD1C531B6CDB7F00D9FEC0 /* Supporting Files */,
			);
			path = test2;
			sourceTree = "<group>";
		};
		26BD1C531B6CDB7F00D9FEC0 /* Supporting Files */ = {
			isa = PBXGroup;
			children = (
				26BD1C541B6CDB7F00D9FEC0 /* Info.plist */,
				26BD1C551B6CDB7F00D9FEC0 /* main.m */,
			);
			name = "Supporting Files";
			sourceTree = "<group>";
		};
		26BD1C6C1B6CDB7F00D9FEC0 /* test2Tests */ = {
			isa = PBXGroup;
			children = (
				26BD1C6F1B6CDB7F00D9FEC0 /* test2Tests.m */,
				26BD1C6D1B6CDB7F00D9FEC0 /* Supporting Files */,
			);
			path = test2Tests;
			sourceTree = "<group>";
		};
		26BD1C6D1B6CDB7F00D9FEC0 /* Supporting Files */ = {
			isa = PBXGroup;
			children = (
				26BD1C6E1B6CDB7F00D9FEC0 /* Info.plist */,
			);
			name = "Supporting Files";
			sourceTree = "<group>";
		};
/* End PBXGroup section */

/* Begin PBXNativeTarget section */
		26BD1C4F1B6CDB7F00D9FEC0 /* test2 */ = {
			isa = PBXNativeTarget;
			buildConfigurationList = 26BD1C731B6CDB7F00D9FEC0 /* Build configuration list for PBXNativeTarget "test2" */;
			buildPhases = (
				26BD1C4C1B6CDB7F00D9FEC0 /* Sources */,
				26BD1C4D1B6CDB7F00D9FEC0 /* Frameworks */,
				26BD1C4E1B6CDB7F00D9FEC0 /* Resources */,
			);
			buildRules = (
			);
			dependencies = (
			);
			name = test2;
			productName = test2;
			productReference = 26BD1C501B6CDB7F00D9FEC0 /* test2.app */;
			productType = "com.apple.product-type.application";
		};
		26BD1C681B6CDB7F00D9FEC0 /* test2Tests */ = {
			isa = PBXNativeTarget;
			buildConfigurationList = 26BD1C761B6CDB7F00D9FEC0 /* Build configuration list for PBXNativeTarget "test2Tests" */;
			buildPhases = (
				26BD1C651B6CDB7F00D9FEC0 /* Sources */,
				26BD1C661B6CDB7F00D9FEC0 /* Frameworks */,
				26BD1C671B6CDB7F00D9FEC0 /* Resources */,
			);
			buildRules = (
			);
			dependencies = (
				26BD1C6B1B6CDB7F00D9FEC0 /* PBXTargetDependency */,
			);
			name = test2Tests;
			productName = test2Tests;
			productReference = 26BD1C691B6CDB7F00D9FEC0 /* test2Tests.xctest */;
			productType = "com.apple.product-type.bundle.unit-test";
		};
/* End PBXNativeTarget section */

/* Begin PBXProject section */
		26BD1C481B6CDB7E00D9FEC0 /* Project object */ = {
			isa = PBXProject;
			attributes = {
				LastUpgradeCheck = 0640;
				ORGANIZATIONNAME = qing;
				TargetAttributes = {
					26BD1C4F1B6CDB7F00D9FEC0 = {
						CreatedOnToolsVersion = 6.4;
					};
					26BD1C681B6CDB7F00D9FEC0 = {
						CreatedOnToolsVersion = 6.4;
						TestTargetID = 26BD1C4F1B6CDB7F00D9FEC0;
					};
				};
			};
			buildConfigurationList = 26BD1C4B1B6CDB7E00D9FEC0 /* Build configuration list for PBXProject "test2" */;
			compatibilityVersion = "Xcode 3.2";
			developmentRegion = English;
			hasScannedForEncodings = 0;
			knownRegions = (
				en,
				Base,
			);
			mainGroup = 26BD1C471B6CDB7E00D9FEC0;
			productRefGroup = 26BD1C511B6CDB7F00D9FEC0 /* Products */;
			projectDirPath = "";
			projectRoot = "";
			targets = (
				26BD1C4F1B6CDB7F00D9FEC0 /* test2 */,
				26BD1C681B6CDB7F00D9FEC0 /* test2Tests */,
			);
		};
/* End PBXProject section */

/* Begin PBXResourcesBuildPhase section */
		26BD1C4E1B6CDB7F00D9FEC0 /* Resources */ = {
			isa = PBXResourcesBuildPhase;
			buildActionMask = 2147483647;
			files = (
				26BD1C5F1B6CDB7F00D9FEC0 /* Main.storyboard in Resources */,
				26BD1C641B6CDB7F00D9FEC0 /* LaunchScreen.xib in Resources */,
				26BD1C611B6CDB7F00D9FEC0 /* Images.xcassets in Resources */,
			);
			runOnlyForDeploymentPostprocessing = 0;
		};
		26BD1C671B6CDB7F00D9FEC0 /* Resources */ = {
			isa = PBXResourcesBuildPhase;
			buildActionMask = 2147483647;
			files = (
			);
			runOnlyForDeploymentPostprocessing = 0;
		};
/* End PBXResourcesBuildPhase section */

/* Begin PBXSourcesBuildPhase section */
		26BD1C4C1B6CDB7F00D9FEC0 /* Sources */ = {
			isa = PBXSourcesBuildPhase;
			buildActionMask = 2147483647;
			files = (
				26BD1C5C1B6CDB7F00D9FEC0 /* ViewController.m in Sources */,
				264DA2471B6DD37D009E839D /* NaviHidenViewController.m in Sources */,
				26BD1C591B6CDB7F00D9FEC0 /* AppDelegate.m in Sources */,
				26BD1C561B6CDB7F00D9FEC0 /* main.m in Sources */,
			);
			runOnlyForDeploymentPostprocessing = 0;
		};
		26BD1C651B6CDB7F00D9FEC0 /* Sources */ = {
			isa = PBXSourcesBuildPhase;
			buildActionMask = 2147483647;
			files = (
				26BD1C701B6CDB7F00D9FEC0 /* test2Tests.m in Sources */,
			);
			runOnlyForDeploymentPostprocessing = 0;
		};
/* End PBXSourcesBuildPhase section */

/* Begin PBXTargetDependency section */
		26BD1C6B1B6CDB7F00D9FEC0 /* PBXTargetDependency */ = {
			isa = PBXTargetDependency;
			target = 26BD1C4F1B6CDB7F00D9FEC0 /* test2 */;
			targetProxy = 26BD1C6A1B6CDB7F00D9FEC0 /* PBXContainerItemProxy */;
		};
/* End PBXTargetDependency section */

/* Begin PBXVariantGroup section */
		26BD1C5D1B6CDB7F00D9FEC0 /* Main.storyboard */ = {
			isa = PBXVariantGroup;
			children = (
				26BD1C5E1B6CDB7F00D9FEC0 /* Base */,
			);
			name = Main.storyboard;
			sourceTree = "<group>";
		};
		26BD1C621B6CDB7F00D9FEC0 /* LaunchScreen.xib */ = {
			isa = PBXVariantGroup;
			children = (
				26BD1C631B6CDB7F00D9FEC0 /* Base */,
			);
			name = LaunchScreen.xib;
			sourceTree = "<group>";
		};
/* End PBXVariantGroup section */

/* Begin XCBuildConfiguration section */
		26BD1C711B6CDB7F00D9FEC0 /* Debug */ = {
			isa = XCBuildConfiguration;
			buildSettings = {
				ALWAYS_SEARCH_USER_PATHS = NO;
				CLANG_CXX_LANGUAGE_STANDARD = "gnu++0x";
				CLANG_CXX_LIBRARY = "libc++";
				CLANG_ENABLE_MODULES = YES;
				CLANG_ENABLE_OBJC_ARC = YES;
				CLANG_WARN_BOOL_CONVERSION = YES;
				CLANG_WARN_CONSTANT_CONVERSION = YES;
				CLANG_WARN_DIRECT_OBJC_ISA_USAGE = YES_ERROR;
				CLANG_WARN_EMPTY_BODY = YES;
				CLANG_WARN_ENUM_CONVERSION = YES;
				CLANG_WARN_INT_CONVERSION = YES;
				CLANG_WARN_OBJC_ROOT_CLASS = YES_ERROR;
				CLANG_WARN_UNREACHABLE_CODE = YES;
				CLANG_WARN__DUPLICATE_METHOD_MATCH = YES;
				"CODE_SIGN_IDENTITY[sdk=iphoneos*]" = "iPhone Developer";
				COPY_PHASE_STRIP = NO;
				DEBUG_INFORMATION_FORMAT = "dwarf-with-dsym";
				ENABLE_STRICT_OBJC_MSGSEND = YES;
				GCC_C_LANGUAGE_STANDARD = gnu99;
				GCC_DYNAMIC_NO_PIC = NO;
				GCC_NO_COMMON_BLOCKS = YES;
				GCC_OPTIMIZATION_LEVEL = 0;
				GCC_PREPROCESSOR_DEFINITIONS = (
					"DEBUG=1",
					"$(inherited)",
				);
				GCC_SYMBOLS_PRIVATE_EXTERN = NO;
				GCC_WARN_64_TO_32_BIT_CONVERSION = YES;
				GCC_WARN_ABOUT_RETURN_TYPE = YES_ERROR;
				GCC_WARN_UNDECLARED_SELECTOR = YES;
				GCC_WARN_UNINITIALIZED_AUTOS = YES_AGGRESSIVE;
				GCC_WARN_UNUSED_FUNCTION = YES;
				GCC_WARN_UNUSED_VARIABLE = YES;
				IPHONEOS_DEPLOYMENT_TARGET = 8.4;
				MTL_ENABLE_DEBUG_INFO = YES;
				ONLY_ACTIVE_ARCH = YES;
				SDKROOT = iphoneos;
			};
			name = Debug;
		};
		26BD1C721B6CDB7F00D9FEC0 /* Release */ = {
			isa = XCBuildConfiguration;
			buildSettings = {
				ALWAYS_SEARCH_USER_PATHS = NO;
				CLANG_CXX_LANGUAGE_STANDARD = "gnu++0x";
				CLANG_CXX_LIBRARY = "libc++";
				CLANG_ENABLE_MODULES = YES;
				CLANG_ENABLE_OBJC_ARC = YES;
				CLANG_WARN_BOOL_CONVERSION = YES;
				CLANG_WARN_CONSTANT_CONVERSION = YES;
				CLANG_WARN_DIRECT_OBJC_ISA_USAGE = YES_ERROR;
				CLANG_WARN_EMPTY_BODY = YES;
				CLANG_WARN_ENUM_CONVERSION = YES;
				CLANG_WARN_INT_CONVERSION = YES;
				CLANG_WARN_OBJC_ROOT_CLASS = YES_ERROR;
				CLANG_WARN_UNREACHABLE_CODE = YES;
				CLANG_WARN__DUPLICATE_METHOD_MATCH = YES;
				"CODE_SIGN_IDENTITY[sdk=iphoneos*]" = "iPhone Developer";
				COPY_PHASE_STRIP = NO;
				DEBUG_INFORMATION_FORMAT = "dwarf-with-dsym";
				ENABLE_NS_ASSERTIONS = NO;
				ENABLE_STRICT_OBJC_MSGSEND = YES;
				GCC_C_LANGUAGE_STANDARD = gnu99;
				GCC_NO_COMMON_BLOCKS = YES;
				GCC_WARN_64_TO_32_BIT_CONVERSION = YES;
				GCC_WARN_ABOUT_RETURN_TYPE = YES_ERROR;
				GCC_WARN_UNDECLARED_SELECTOR = YES;
				GCC_WARN_UNINITIALIZED_AUTOS = YES_AGGRESSIVE;
				GCC_WARN_UNUSED_FUNCTION = YES;
				GCC_WARN_UNUSED_VARIABLE = YES;
				IPHONEOS_DEPLOYMENT_TARGET = 8.4;
				MTL_ENABLE_DEBUG_INFO = NO;
				SDKROOT = iphoneos;
				VALIDATE_PRODUCT = YES;
			};
			name = Release;
		};
		26BD1C741B6CDB7F00D9FEC0 /* Debug */ = {
			isa = XCBuildConfiguration;
			buildSettings = {
				ASSETCATALOG_COMPILER_APPICON_NAME = AppIcon;
				INFOPLIST_FILE = test2/Info.plist;
				LD_RUNPATH_SEARCH_PATHS = "$(inherited) @executable_path/Frameworks";
				PRODUCT_NAME = "$(TARGET_NAME)";
			};
			name = Debug;
		};
		26BD1C751B6CDB7F00D9FEC0 /* Release */ = {
			isa = XCBuildConfiguration;
			buildSettings = {
				ASSETCATALOG_COMPILER_APPICON_NAME = AppIcon;
				INFOPLIST_FILE = test2/Info.plist;
				LD_RUNPATH_SEARCH_PATHS = "$(inherited) @executable_path/Frameworks";
				PRODUCT_NAME = "$(TARGET_NAME)";
			};
			name = Release;
		};
		26BD1C771B6CDB7F00D9FEC0 /* Debug */ = {
			isa = XCBuildConfiguration;
			buildSettings = {
				BUNDLE_LOADER = "$(TEST_HOST)";
				FRAMEWORK_SEARCH_PATHS = (
					"$(SDKROOT)/Developer/Library/Frameworks",
					"$(inherited)",
				);
				GCC_PREPROCESSOR_DEFINITIONS = (
					"DEBUG=1",
					"$(inherited)",
				);
				INFOPLIST_FILE = test2Tests/Info.plist;
				LD_RUNPATH_SEARCH_PATHS = "$(inherited) @executable_path/Frameworks @loader_path/Frameworks";
				PRODUCT_NAME = "$(TARGET_NAME)";
				TEST_HOST = "$(BUILT_PRODUCTS_DIR)/test2.app/test2";
			};
			name = Debug;
		};
		26BD1C781B6CDB7F00D9FEC0 /* Release */ = {
			isa = XCBuildConfiguration;
			buildSettings = {
				BUNDLE_LOADER = "$(TEST_HOST)";
				FRAMEWORK_SEARCH_PATHS = (
					"$(SDKROOT)/Developer/Library/Frameworks",
					"$(inherited)",
				);
				INFOPLIST_FILE = test2Tests/Info.plist;
				LD_RUNPATH_SEARCH_PATHS = "$(inherited) @executable_path/Frameworks @loader_path/Frameworks";
				PRODUCT_NAME = "$(TARGET_NAME)";
				TEST_HOST = "$(BUILT_PRODUCTS_DIR)/test2.app/test2";
			};
			name = Release;
		};
/* End XCBuildConfiguration section */

/* Begin XCConfigurationList section */
		26BD1C4B1B6CDB7E00D9FEC0 /* Build configuration list for PBXProject "test2" */ = {
			isa = XCConfigurationList;
			buildConfigurations = (
				26BD1C711B6CDB7F00D9FEC0 /* Debug */,
				26BD1C721B6CDB7F00D9FEC0 /* Release */,
			);
			defaultConfigurationIsVisible = 0;
			defaultConfigurationName = Release;
		};
		26BD1C731B6CDB7F00D9FEC0 /* Build configuration list for PBXNativeTarget "test2" */ = {
			isa = XCConfigurationList;
			buildConfigurations = (
				26BD1C741B6CDB7F00D9FEC0 /* Debug */,
				26BD1C751B6CDB7F00D9FEC0 /* Release */,
			);
			defaultConfigurationIsVisible = 0;
			defaultConfigurationName = Release;
		};
		26BD1C761B6CDB7F00D9FEC0 /* Build configuration list for PBXNativeTarget "test2Tests" */ = {
			isa = XCConfigurationList;
			buildConfigurations = (
				26BD1C771B6CDB7F00D9FEC0 /* Debug */,
				26BD1C781B6CDB7F00D9FEC0 /* Release */,
			);
			defaultConfigurationIsVisible = 0;
			defaultConfigurationName = Release;
		};
/* End XCConfigurationList section */
	};
	rootObject = 26BD1C481B6CDB7E00D9FEC0 /* Project object */;
}
